
Microsoft Visual Studio Solution File, Format Version 12.00
# Visual Studio Version 17
VisualStudioVersion = 17.11.35312.102
MinimumVisualStudioVersion = 10.0.40219.1
Project("{FAE04EC0-301F-11D3-BF4B-00C04F79EFBC}") = "WinCalculator", "WinCalculator\WinCalculator.csproj", "{53A49143-A853-4F03-9FF2-408F0AE9721E}"
EndProject
Global
	GlobalSection(SolutionConfigurationPlatforms) = preSolution
		Debug|Any CPU = Debug|Any CPU
		Release|Any CPU = Release|Any CPU
	EndGlobalSection
	GlobalSection(ProjectConfigurationPlatforms) = postSolution
		{53A49143-A853-4F03-9FF2-408F0AE9721E}.Debug|Any CPU.ActiveCfg = Debug|Any CPU
		{53A49143-A853-4F03-9FF2-408F0AE9721E}.Debug|Any CPU.Build.0 = Debug|Any CPU
		{53A49143-A853-4F03-9FF2-408F0AE9721E}.Release|Any CPU.ActiveCfg = Release|Any CPU
		{53A49143-A853-4F03-9FF2-408F0AE9721E}.Release|Any CPU.Build.0 = Release|Any CPU
	EndGlobalSection
	GlobalSection(SolutionProperties) = preSolution
		HideSolutionNode = FALSE
	EndGlobalSection
	GlobalSection(ExtensibilityGlobals) = postSolution
		SolutionGuid = {D98FC4EA-2DAE-40E1-A420-A99A9006BDA0}
	EndGlobalSection
EndGlobal
